Microsoft Visual Studio Solution File, Format Version 8.00
Project("{8BC9CEB8-8B4A-11D0-8D11-00A0C91BC942}") = "ÄÚºËÒýÇæ", "KernelEngine.vcproj", "{D2DCD2DF-F137-4E5E-90CE-6DB4553C1DA9}"
	ProjectSection(ProjectDependencies) = postProject
	EndProjectSection
EndProject
Global
	GlobalSection(SolutionConfiguration) = preSolution
		Debug_Unicode = Debug_Unicode
		Release_Unicode = Release_Unicode
	EndGlobalSection
	GlobalSection(ProjectConfiguration) = postSolution
		{D2DCD2DF-F137-4E5E-90CE-6DB4553C1DA9}.Debug_Unicode.ActiveCfg = Debug_Unicode|Win32
		{D2DCD2DF-F137-4E5E-90CE-6DB4553C1DA9}.Debug_Unicode.Build.0 = Debug_Unicode|Win32
		{D2DCD2DF-F137-4E5E-90CE-6DB4553C1DA9}.Release_Unicode.ActiveCfg = Release_Unicode|Win32
		{D2DCD2DF-F137-4E5E-90CE-6DB4553C1DA9}.Release_Unicode.Build.0 = Release_Unicode|Win32
	EndGlobalSection
	GlobalSection(ExtensibilityGlobals) = postSolution
	EndGlobalSection
	GlobalSection(ExtensibilityAddIns) = postSolution
	EndGlobalSection
EndGlobal
